
Microsoft Visual Studio Solution File, Format Version 12.00
# Visual Studio Version 16
VisualStudioVersion = 16.0.31702.278
MinimumVisualStudioVersion = 10.0.40219.1
Project("{FAE04EC0-301F-11D3-BF4B-00C04F79EFBC}") = "phanmemquanlibanve", "phanmemquanlibanve\phanmemquanlibanve.csproj", "{3956E612-00FD-49FA-AF9F-72B43F24B159}"
EndProject
Global
	GlobalSection(SolutionConfigurationPlatforms) = preSolution
		Debug|Any CPU = Debug|Any CPU
		Release|Any CPU = Release|Any CPU
	EndGlobalSection
	GlobalSection(ProjectConfigurationPlatforms) = postSolution
		{3956E612-00FD-49FA-AF9F-72B43F24B159}.Debug|Any CPU.ActiveCfg = Debug|Any CPU
		{3956E612-00FD-49FA-AF9F-72B43F24B159}.Debug|Any CPU.Build.0 = Debug|Any CPU
		{3956E612-00FD-49FA-AF9F-72B43F24B159}.Release|Any CPU.ActiveCfg = Release|Any CPU
		{3956E612-00FD-49FA-AF9F-72B43F24B159}.Release|Any CPU.Build.0 = Release|Any CPU
	EndGlobalSection
	GlobalSection(SolutionProperties) = preSolution
		HideSolutionNode = FALSE
	EndGlobalSection
	GlobalSection(ExtensibilityGlobals) = postSolution
		SolutionGuid = {B8D27F04-060C-4EFA-A6A2-6E22913D09B7}
	EndGlobalSection
EndGlobal
